// !$*UTF8*$!
{
	archiveVersion = 1;
	classes = {
	};
	objectVersion = 56;
	objects = {

/* Begin PBXBuildFile section */
		D9FAC8F02B60EAA600D79AB0 /* AppDelegate.swift in Sources */ = {isa = PBXBuildFile; fileRef = D9FAC8EF2B60EAA600D79AB0 /* AppDelegate.swift */; };
		D9FAC8F22B60EAA600D79AB0 /* SceneDelegate.swift in Sources */ = {isa = PBXBuildFile; fileRef = D9FAC8F12B60EAA600D79AB0 /* SceneDelegate.swift */; };
		D9FAC8F92B60EAA700D79AB0 /* Assets.xcassets in Resources */ = {isa = PBXBuildFile; fileRef = D9FAC8F82B60EAA700D79AB0 /* Assets.xcassets */; };
		D9FAC8FC2B60EAA700D79AB0 /* LaunchScreen.storyboard in Resources */ = {isa = PBXBuildFile; fileRef = D9FAC8FA2B60EAA700D79AB0 /* LaunchScreen.storyboard */; };
		D9FAC9092B60EB3300D79AB0 /* CustomNavigationController.swift in Sources */ = {isa = PBXBuildFile; fileRef = D9FAC9082B60EB3300D79AB0 /* CustomNavigationController.swift */; };
		D9FAC9122B60EBB800D79AB0 /* CreateAccountViewModel.swift in Sources */ = {isa = PBXBuildFile; fileRef = D9FAC90B2B60EBB800D79AB0 /* CreateAccountViewModel.swift */; };
		D9FAC9132B60EBB800D79AB0 /* CreateAccountView.swift in Sources */ = {isa = PBXBuildFile; fileRef = D9FAC90C2B60EBB800D79AB0 /* CreateAccountView.swift */; };
		D9FAC9142B60EBB800D79AB0 /* AuthenticationView.swift in Sources */ = {isa = PBXBuildFile; fileRef = D9FAC90E2B60EBB800D79AB0 /* AuthenticationView.swift */; };
		D9FAC9152B60EBB800D79AB0 /* SendView.swift in Sources */ = {isa = PBXBuildFile; fileRef = D9FAC9102B60EBB800D79AB0 /* SendView.swift */; };
		D9FAC9162B60EBB800D79AB0 /* SendViewModel.swift in Sources */ = {isa = PBXBuildFile; fileRef = D9FAC9112B60EBB800D79AB0 /* SendViewModel.swift */; };
		D9FAC9192B60EBCA00D79AB0 /* Cassette in Frameworks */ = {isa = PBXBuildFile; productRef = D9FAC9182B60EBCA00D79AB0 /* Cassette */; };
		D9FAC91C2B60EBD500D79AB0 /* TronWeb3 in Frameworks */ = {isa = PBXBuildFile; productRef = D9FAC91B2B60EBD500D79AB0 /* TronWeb3 */; };
		D9FAC9222B60EBE500D79AB0 /* Tron.swift in Sources */ = {isa = PBXBuildFile; fileRef = D9FAC91E2B60EBE500D79AB0 /* Tron.swift */; };
		D9FAC9232B60EBE500D79AB0 /* Util.swift in Sources */ = {isa = PBXBuildFile; fileRef = D9FAC91F2B60EBE500D79AB0 /* Util.swift */; };
		D9FAC9242B60EBE500D79AB0 /* ChainType.swift in Sources */ = {isa = PBXBuildFile; fileRef = D9FAC9212B60EBE500D79AB0 /* ChainType.swift */; };
		D9FAC9262B60EE8500D79AB0 /* Main.storyboard in Resources */ = {isa = PBXBuildFile; fileRef = D9FAC9252B60EE8500D79AB0 /* Main.storyboard */; };
		D9FAC9292B60F09900D79AB0 /* ImportAccountView.swift in Sources */ = {isa = PBXBuildFile; fileRef = D9FAC9282B60F09900D79AB0 /* ImportAccountView.swift */; };
/* End PBXBuildFile section */

/* Begin PBXFileReference section */
		D9FAC8EC2B60EAA600D79AB0 /* TronWallet.app */ = {isa = PBXFileReference; explicitFileType = wrapper.application; includeInIndex = 0; path = TronWallet.app; sourceTree = BUILT_PRODUCTS_DIR; };
		D9FAC8EF2B60EAA600D79AB0 /* AppDelegate.swift */ = {isa = PBXFileReference; lastKnownFileType = sourcecode.swift; path = AppDelegate.swift; sourceTree = "<group>"; };
		D9FAC8F12B60EAA600D79AB0 /* SceneDelegate.swift */ = {isa = PBXFileReference; lastKnownFileType = sourcecode.swift; path = SceneDelegate.swift; sourceTree = "<group>"; };
		D9FAC8F82B60EAA700D79AB0 /* Assets.xcassets */ = {isa = PBXFileReference; lastKnownFileType = folder.assetcatalog; path = Assets.xcassets; sourceTree = "<group>"; };
		D9FAC8FB2B60EAA700D79AB0 /* Base */ = {isa = PBXFileReference; lastKnownFileType = file.storyboard; name = Base; path = Base.lproj/LaunchScreen.storyboard; sourceTree = "<group>"; };
		D9FAC8FD2B60EAA700D79AB0 /* Info.plist */ = {isa = PBXFileReference; lastKnownFileType = text.plist.xml; path = Info.plist; sourceTree = "<group>"; };
		D9FAC9082B60EB3300D79AB0 /* CustomNavigationController.swift */ = {isa = PBXFileReference; lastKnownFileType = sourcecode.swift; path = CustomNavigationController.swift; sourceTree = "<group>"; };
		D9FAC90B2B60EBB800D79AB0 /* CreateAccountViewModel.swift */ = {isa = PBXFileReference; fileEncoding = 4; lastKnownFileType = sourcecode.swift; path = CreateAccountViewModel.swift; sourceTree = "<group>"; };
		D9FAC90C2B60EBB800D79AB0 /* CreateAccountView.swift */ = {isa = PBXFileReference; fileEncoding = 4; lastKnownFileType = sourcecode.swift; path = CreateAccountView.swift; sourceTree = "<group>"; };
		D9FAC90E2B60EBB800D79AB0 /* AuthenticationView.swift */ = {isa = PBXFileReference; fileEncoding = 4; lastKnownFileType = sourcecode.swift; path = AuthenticationView.swift; sourceTree = "<group>"; };
		D9FAC9102B60EBB800D79AB0 /* SendView.swift */ = {isa = PBXFileReference; fileEncoding = 4; lastKnownFileType = sourcecode.swift; path = SendView.swift; sourceTree = "<group>"; };
		D9FAC9112B60EBB800D79AB0 /* SendViewModel.swift */ = {isa = PBXFileReference; fileEncoding = 4; lastKnownFileType = sourcecode.swift; path = SendViewModel.swift; sourceTree = "<group>"; };
		D9FAC91E2B60EBE500D79AB0 /* Tron.swift */ = {isa = PBXFileReference; fileEncoding = 4; lastKnownFileType = sourcecode.swift; path = Tron.swift; sourceTree = "<group>"; };
		D9FAC91F2B60EBE500D79AB0 /* Util.swift */ = {isa = PBXFileReference; fileEncoding = 4; lastKnownFileType = sourcecode.swift; path = Util.swift; sourceTree = "<group>"; };
		D9FAC9212B60EBE500D79AB0 /* ChainType.swift */ = {isa = PBXFileReference; fileEncoding = 4; lastKnownFileType = sourcecode.swift; path = ChainType.swift; sourceTree = "<group>"; };
		D9FAC9252B60EE8500D79AB0 /* Main.storyboard */ = {isa = PBXFileReference; fileEncoding = 4; lastKnownFileType = file.storyboard; path = Main.storyboard; sourceTree = "<group>"; };
		D9FAC9282B60F09900D79AB0 /* ImportAccountView.swift */ = {isa = PBXFileReference; lastKnownFileType = sourcecode.swift; path = ImportAccountView.swift; sourceTree = "<group>"; };
/* End PBXFileReference section */

/* Begin PBXFrameworksBuildPhase section */
		D9FAC8E92B60EAA600D79AB0 /* Frameworks */ = {
			isa = PBXFrameworksBuildPhase;
			buildActionMask = 2147483647;
			files = (
				D9FAC91C2B60EBD500D79AB0 /* TronWeb3 in Frameworks */,
				D9FAC9192B60EBCA00D79AB0 /* Cassette in Frameworks */,
			);
			runOnlyForDeploymentPostprocessing = 0;
		};
/* End PBXFrameworksBuildPhase section */

/* Begin PBXGroup section */
		D9FAC8E32B60EAA600D79AB0 = {
			isa = PBXGroup;
			children = (
				D9FAC8EE2B60EAA600D79AB0 /* TronWallet */,
				D9FAC8ED2B60EAA600D79AB0 /* Products */,
			);
			sourceTree = "<group>";
		};
		D9FAC8ED2B60EAA600D79AB0 /* Products */ = {
			isa = PBXGroup;
			children = (
				D9FAC8EC2B60EAA600D79AB0 /* TronWallet.app */,
			);
			name = Products;
			sourceTree = "<group>";
		};
		D9FAC8EE2B60EAA600D79AB0 /* TronWallet */ = {
			isa = PBXGroup;
			children = (
				D9FAC9032B60EAD900D79AB0 /* Application */,
				D9FAC9072B60EB2100D79AB0 /* Helper */,
				D9FAC9052B60EAF100D79AB0 /* Presentation */,
				D9FAC9042B60EAE800D79AB0 /* Resources */,
			);
			path = TronWallet;
			sourceTree = "<group>";
		};
		D9FAC9032B60EAD900D79AB0 /* Application */ = {
			isa = PBXGroup;
			children = (
				D9FAC8EF2B60EAA600D79AB0 /* AppDelegate.swift */,
				D9FAC8F12B60EAA600D79AB0 /* SceneDelegate.swift */,
			);
			path = Application;
			sourceTree = "<group>";
		};
		D9FAC9042B60EAE800D79AB0 /* Resources */ = {
			isa = PBXGroup;
			children = (
				D9FAC8F82B60EAA700D79AB0 /* Assets.xcassets */,
				D9FAC8FD2B60EAA700D79AB0 /* Info.plist */,
			);
			path = Resources;
			sourceTree = "<group>";
		};
		D9FAC9052B60EAF100D79AB0 /* Presentation */ = {
			isa = PBXGroup;
			children = (
				D9FAC92A2B60F5DE00D79AB0 /* Main */,
				D9FAC90D2B60EBB800D79AB0 /* Authentication */,
				D9FAC9062B60EAF500D79AB0 /* Storyboard */,
			);
			path = Presentation;
			sourceTree = "<group>";
		};
		D9FAC9062B60EAF500D79AB0 /* Storyboard */ = {
			isa = PBXGroup;
			children = (
				D9FAC9252B60EE8500D79AB0 /* Main.storyboard */,
				D9FAC8FA2B60EAA700D79AB0 /* LaunchScreen.storyboard */,
			);
			path = Storyboard;
			sourceTree = "<group>";
		};
		D9FAC9072B60EB2100D79AB0 /* Helper */ = {
			isa = PBXGroup;
			children = (
				D9FAC9202B60EBE500D79AB0 /* Enums */,
				D9FAC91D2B60EBE500D79AB0 /* Util */,
				D9FAC9082B60EB3300D79AB0 /* CustomNavigationController.swift */,
			);
			path = Helper;
			sourceTree = "<group>";
		};
		D9FAC90A2B60EBB800D79AB0 /* CreateAccount */ = {
			isa = PBXGroup;
			children = (
				D9FAC90B2B60EBB800D79AB0 /* CreateAccountViewModel.swift */,
				D9FAC90C2B60EBB800D79AB0 /* CreateAccountView.swift */,
			);
			path = CreateAccount;
			sourceTree = "<group>";
		};
		D9FAC90D2B60EBB800D79AB0 /* Authentication */ = {
			isa = PBXGroup;
			children = (
				D9FAC92B2B60F5EE00D79AB0 /* AuthMain */,
				D9FAC90A2B60EBB800D79AB0 /* CreateAccount */,
				D9FAC9272B60F09000D79AB0 /* ImportAccount */,
			);
			path = Authentication;
			sourceTree = "<group>";
		};
		D9FAC90F2B60EBB800D79AB0 /* TronSend */ = {
			isa = PBXGroup;
			children = (
				D9FAC9102B60EBB800D79AB0 /* SendView.swift */,
				D9FAC9112B60EBB800D79AB0 /* SendViewModel.swift */,
			);
			path = TronSend;
			sourceTree = "<group>";
		};
		D9FAC91D2B60EBE500D79AB0 /* Util */ = {
			isa = PBXGroup;
			children = (
				D9FAC91E2B60EBE500D79AB0 /* Tron.swift */,
				D9FAC91F2B60EBE500D79AB0 /* Util.swift */,
			);
			path = Util;
			sourceTree = "<group>";
		};
		D9FAC9202B60EBE500D79AB0 /* Enums */ = {
			isa = PBXGroup;
			children = (
				D9FAC9212B60EBE500D79AB0 /* ChainType.swift */,
			);
			path = Enums;
			sourceTree = "<group>";
		};
		D9FAC9272B60F09000D79AB0 /* ImportAccount */ = {
			isa = PBXGroup;
			children = (
				D9FAC9282B60F09900D79AB0 /* ImportAccountView.swift */,
			);
			path = ImportAccount;
			sourceTree = "<group>";
		};
		D9FAC92A2B60F5DE00D79AB0 /* Main */ = {
			isa = PBXGroup;
			children = (
				D9FAC90F2B60EBB800D79AB0 /* TronSend */,
			);
			path = Main;
			sourceTree = "<group>";
		};
		D9FAC92B2B60F5EE00D79AB0 /* AuthMain */ = {
			isa = PBXGroup;
			children = (
				D9FAC90E2B60EBB800D79AB0 /* AuthenticationView.swift */,
			);
			path = AuthMain;
			sourceTree = "<group>";
		};
/* End PBXGroup section */

/* Begin PBXNativeTarget section */
		D9FAC8EB2B60EAA600D79AB0 /* TronWallet */ = {
			isa = PBXNativeTarget;
			buildConfigurationList = D9FAC9002B60EAA700D79AB0 /* Build configuration list for PBXNativeTarget "TronWallet" */;
			buildPhases = (
				D9FAC8E82B60EAA600D79AB0 /* Sources */,
				D9FAC8E92B60EAA600D79AB0 /* Frameworks */,
				D9FAC8EA2B60EAA600D79AB0 /* Resources */,
			);
			buildRules = (
			);
			dependencies = (
			);
			name = TronWallet;
			packageProductDependencies = (
				D9FAC9182B60EBCA00D79AB0 /* Cassette */,
				D9FAC91B2B60EBD500D79AB0 /* TronWeb3 */,
			);
			productName = TronWallet;
			productReference = D9FAC8EC2B60EAA600D79AB0 /* TronWallet.app */;
			productType = "com.apple.product-type.application";
		};
/* End PBXNativeTarget section */

/* Begin PBXProject section */
		D9FAC8E42B60EAA600D79AB0 /* Project object */ = {
			isa = PBXProject;
			attributes = {
				BuildIndependentTargetsInParallel = 1;
				LastSwiftUpdateCheck = 1500;
				LastUpgradeCheck = 1500;
				TargetAttributes = {
					D9FAC8EB2B60EAA600D79AB0 = {
						CreatedOnToolsVersion = 15.0.1;
					};
				};
			};
			buildConfigurationList = D9FAC8E72B60EAA600D79AB0 /* Build configuration list for PBXProject "TronWallet" */;
			compatibilityVersion = "Xcode 14.0";
			developmentRegion = en;
			hasScannedForEncodings = 0;
			knownRegions = (
				en,
				Base,
			);
			mainGroup = D9FAC8E32B60EAA600D79AB0;
			packageReferences = (
				D9FAC9172B60EBCA00D79AB0 /* XCRemoteSwiftPackageReference "Cassette" */,
				D9FAC91A2B60EBD500D79AB0 /* XCRemoteSwiftPackageReference "TronWeb" */,
			);
			productRefGroup = D9FAC8ED2B60EAA600D79AB0 /* Products */;
			projectDirPath = "";
			projectRoot = "";
			targets = (
				D9FAC8EB2B60EAA600D79AB0 /* TronWallet */,
			);
		};
/* End PBXProject section */

/* Begin PBXResourcesBuildPhase section */
		D9FAC8EA2B60EAA600D79AB0 /* Resources */ = {
			isa = PBXResourcesBuildPhase;
			buildActionMask = 2147483647;
			files = (
				D9FAC9262B60EE8500D79AB0 /* Main.storyboard in Resources */,
				D9FAC8FC2B60EAA700D79AB0 /* LaunchScreen.storyboard in Resources */,
				D9FAC8F92B60EAA700D79AB0 /* Assets.xcassets in Resources */,
			);
			runOnlyForDeploymentPostprocessing = 0;
		};
/* End PBXResourcesBuildPhase section */

/* Begin PBXSourcesBuildPhase section */
		D9FAC8E82B60EAA600D79AB0 /* Sources */ = {
			isa = PBXSourcesBuildPhase;
			buildActionMask = 2147483647;
			files = (
				D9FAC9122B60EBB800D79AB0 /* CreateAccountViewModel.swift in Sources */,
				D9FAC9092B60EB3300D79AB0 /* CustomNavigationController.swift in Sources */,
				D9FAC9142B60EBB800D79AB0 /* AuthenticationView.swift in Sources */,
				D9FAC9242B60EBE500D79AB0 /* ChainType.swift in Sources */,
				D9FAC8F02B60EAA600D79AB0 /* AppDelegate.swift in Sources */,
				D9FAC9292B60F09900D79AB0 /* ImportAccountView.swift in Sources */,
				D9FAC9162B60EBB800D79AB0 /* SendViewModel.swift in Sources */,
				D9FAC9222B60EBE500D79AB0 /* Tron.swift in Sources */,
				D9FAC8F22B60EAA600D79AB0 /* SceneDelegate.swift in Sources */,
				D9FAC9232B60EBE500D79AB0 /* Util.swift in Sources */,
				D9FAC9152B60EBB800D79AB0 /* SendView.swift in Sources */,
				D9FAC9132B60EBB800D79AB0 /* CreateAccountView.swift in Sources */,
			);
			runOnlyForDeploymentPostprocessing = 0;
		};
/* End PBXSourcesBuildPhase section */

/* Begin PBXVariantGroup section */
		D9FAC8FA2B60EAA700D79AB0 /* LaunchScreen.storyboard */ = {
			isa = PBXVariantGroup;
			children = (
				D9FAC8FB2B60EAA700D79AB0 /* Base */,
			);
			name = LaunchScreen.storyboard;
			sourceTree = "<group>";
		};
/* End PBXVariantGroup section */

/* Begin XCBuildConfiguration section */
		D9FAC8FE2B60EAA700D79AB0 /* Debug */ = {
			isa = XCBuildConfiguration;
			buildSettings = {
				ALWAYS_SEARCH_USER_PATHS = NO;
				ASSETCATALOG_COMPILER_GENERATE_SWIFT_ASSET_SYMBOL_EXTENSIONS = YES;
				CLANG_ANALYZER_NONNULL = YES;
				CLANG_ANALYZER_NUMBER_OBJECT_CONVERSION = YES_AGGRESSIVE;
				CLANG_CXX_LANGUAGE_STANDARD = "gnu++20";
				CLANG_ENABLE_MODULES = YES;
				CLANG_ENABLE_OBJC_ARC = YES;
				CLANG_ENABLE_OBJC_WEAK = YES;
				CLANG_WARN_BLOCK_CAPTURE_AUTORELEASING = YES;
				CLANG_WARN_BOOL_CONVERSION = YES;
				CLANG_WARN_COMMA = YES;
				CLANG_WARN_CONSTANT_CONVERSION = YES;
				CLANG_WARN_DEPRECATED_OBJC_IMPLEMENTATIONS = YES;
				CLANG_WARN_DIRECT_OBJC_ISA_USAGE = YES_ERROR;
				CLANG_WARN_DOCUMENTATION_COMMENTS = YES;
				CLANG_WARN_EMPTY_BODY = YES;
				CLANG_WARN_ENUM_CONVERSION = YES;
				CLANG_WARN_INFINITE_RECURSION = YES;
				CLANG_WARN_INT_CONVERSION = YES;
				CLANG_WARN_NON_LITERAL_NULL_CONVERSION = YES;
				CLANG_WARN_OBJC_IMPLICIT_RETAIN_SELF = YES;
				CLANG_WARN_OBJC_LITERAL_CONVERSION = YES;
				CLANG_WARN_OBJC_ROOT_CLASS = YES_ERROR;
				CLANG_WARN_QUOTED_INCLUDE_IN_FRAMEWORK_HEADER = YES;
				CLANG_WARN_RANGE_LOOP_ANALYSIS = YES;
				CLANG_WARN_STRICT_PROTOTYPES = YES;
				CLANG_WARN_SUSPICIOUS_MOVE = YES;
				CLANG_WARN_UNGUARDED_AVAILABILITY = YES_AGGRESSIVE;
				CLANG_WARN_UNREACHABLE_CODE = YES;
				CLANG_WARN__DUPLICATE_METHOD_MATCH = YES;
				COPY_PHASE_STRIP = NO;
				DEBUG_INFORMATION_FORMAT = dwarf;
				ENABLE_STRICT_OBJC_MSGSEND = YES;
				ENABLE_TESTABILITY = YES;
				ENABLE_USER_SCRIPT_SANDBOXING = YES;
				GCC_C_LANGUAGE_STANDARD = gnu17;
				GCC_DYNAMIC_NO_PIC = NO;
				GCC_NO_COMMON_BLOCKS = YES;
				GCC_OPTIMIZATION_LEVEL = 0;
				GCC_PREPROCESSOR_DEFINITIONS = (
					"DEBUG=1",
					"$(inherited)",
				);
				GCC_WARN_64_TO_32_BIT_CONVERSION = YES;
				GCC_WARN_ABOUT_RETURN_TYPE = YES_ERROR;
				GCC_WARN_UNDECLARED_SELECTOR = YES;
				GCC_WARN_UNINITIALIZED_AUTOS = YES_AGGRESSIVE;
				GCC_WARN_UNUSED_FUNCTION = YES;
				GCC_WARN_UNUSED_VARIABLE = YES;
				IPHONEOS_DEPLOYMENT_TARGET = 17.0;
				LOCALIZATION_PREFERS_STRING_CATALOGS = YES;
				MTL_ENABLE_DEBUG_INFO = INCLUDE_SOURCE;
				MTL_FAST_MATH = YES;
				ONLY_ACTIVE_ARCH = YES;
				SDKROOT = iphoneos;
				SWIFT_ACTIVE_COMPILATION_CONDITIONS = "DEBUG $(inherited)";
				SWIFT_OPTIMIZATION_LEVEL = "-Onone";
			};
			name = Debug;
		};
		D9FAC8FF2B60EAA700D79AB0 /* Release */ = {
			isa = XCBuildConfiguration;
			buildSettings = {
				ALWAYS_SEARCH_USER_PATHS = NO;
				ASSETCATALOG_COMPILER_GENERATE_SWIFT_ASSET_SYMBOL_EXTENSIONS = YES;
				CLANG_ANALYZER_NONNULL = YES;
				CLANG_ANALYZER_NUMBER_OBJECT_CONVERSION = YES_AGGRESSIVE;
				CLANG_CXX_LANGUAGE_STANDARD = "gnu++20";
				CLANG_ENABLE_MODULES = YES;
				CLANG_ENABLE_OBJC_ARC = YES;
				CLANG_ENABLE_OBJC_WEAK = YES;
				CLANG_WARN_BLOCK_CAPTURE_AUTORELEASING = YES;
				CLANG_WARN_BOOL_CONVERSION = YES;
				CLANG_WARN_COMMA = YES;
				CLANG_WARN_CONSTANT_CONVERSION = YES;
				CLANG_WARN_DEPRECATED_OBJC_IMPLEMENTATIONS = YES;
				CLANG_WARN_DIRECT_OBJC_ISA_USAGE = YES_ERROR;
				CLANG_WARN_DOCUMENTATION_COMMENTS = YES;
				CLANG_WARN_EMPTY_BODY = YES;
				CLANG_WARN_ENUM_CONVERSION = YES;
				CLANG_WARN_INFINITE_RECURSION = YES;
				CLANG_WARN_INT_CONVERSION = YES;
				CLANG_WARN_NON_LITERAL_NULL_CONVERSION = YES;
				CLANG_WARN_OBJC_IMPLICIT_RETAIN_SELF = YES;
				CLANG_WARN_OBJC_LITERAL_CONVERSION = YES;
				CLANG_WARN_OBJC_ROOT_CLASS = YES_ERROR;
				CLANG_WARN_QUOTED_INCLUDE_IN_FRAMEWORK_HEADER = YES;
				CLANG_WARN_RANGE_LOOP_ANALYSIS = YES;
				CLANG_WARN_STRICT_PROTOTYPES = YES;
				CLANG_WARN_SUSPICIOUS_MOVE = YES;
				CLANG_WARN_UNGUARDED_AVAILABILITY = YES_AGGRESSIVE;
				CLANG_WARN_UNREACHABLE_CODE = YES;
				CLANG_WARN__DUPLICATE_METHOD_MATCH = YES;
				COPY_PHASE_STRIP = NO;
				DEBUG_INFORMATION_FORMAT = "dwarf-with-dsym";
				ENABLE_NS_ASSERTIONS = NO;
				ENABLE_STRICT_OBJC_MSGSEND = YES;
				ENABLE_USER_SCRIPT_SANDBOXING = YES;
				GCC_C_LANGUAGE_STANDARD = gnu17;
				GCC_NO_COMMON_BLOCKS = YES;
				GCC_WARN_64_TO_32_BIT_CONVERSION = YES;
				GCC_WARN_ABOUT_RETURN_TYPE = YES_ERROR;
				GCC_WARN_UNDECLARED_SELECTOR = YES;
				GCC_WARN_UNINITIALIZED_AUTOS = YES_AGGRESSIVE;
				GCC_WARN_UNUSED_FUNCTION = YES;
				GCC_WARN_UNUSED_VARIABLE = YES;
				IPHONEOS_DEPLOYMENT_TARGET = 17.0;
				LOCALIZATION_PREFERS_STRING_CATALOGS = YES;
				MTL_ENABLE_DEBUG_INFO = NO;
				MTL_FAST_MATH = YES;
				SDKROOT = iphoneos;
				SWIFT_COMPILATION_MODE = wholemodule;
				VALIDATE_PRODUCT = YES;
			};
			name = Release;
		};
		D9FAC9012B60EAA700D79AB0 /* Debug */ = {
			isa = XCBuildConfiguration;
			buildSettings = {
				ASSETCATALOG_COMPILER_APPICON_NAME = AppIcon;
				ASSETCATALOG_COMPILER_GLOBAL_ACCENT_COLOR_NAME = AccentColor;
				CODE_SIGN_STYLE = Automatic;
				CURRENT_PROJECT_VERSION = 1;
				DEVELOPMENT_TEAM = HBM2HJZ98F;
				GENERATE_INFOPLIST_FILE = YES;
				INFOPLIST_FILE = TronWallet/Resources/Info.plist;
				INFOPLIST_KEY_UIApplicationSupportsIndirectInputEvents = YES;
				INFOPLIST_KEY_UILaunchStoryboardName = LaunchScreen;
				INFOPLIST_KEY_UIMainStoryboardFile = "";
				INFOPLIST_KEY_UISupportedInterfaceOrientations = UIInterfaceOrientationPortrait;
				INFOPLIST_KEY_UISupportedInterfaceOrientations_iPad = "UIInterfaceOrientationLandscapeLeft UIInterfaceOrientationLandscapeRight UIInterfaceOrientationPortrait UIInterfaceOrientationPortraitUpsideDown";
				IPHONEOS_DEPLOYMENT_TARGET = 15.0;
				LD_RUNPATH_SEARCH_PATHS = (
					"$(inherited)",
					"@executable_path/Frameworks",
				);
				MARKETING_VERSION = 1.0;
				PRODUCT_BUNDLE_IDENTIFIER = com.hessegg.TronWallet;
				PRODUCT_NAME = "$(TARGET_NAME)";
				SUPPORTED_PLATFORMS = "iphoneos iphonesimulator";
				SUPPORTS_MACCATALYST = NO;
				SUPPORTS_MAC_DESIGNED_FOR_IPHONE_IPAD = NO;
				SWIFT_EMIT_LOC_STRINGS = YES;
				SWIFT_VERSION = 5.0;
				TARGETED_DEVICE_FAMILY = 1;
			};
			name = Debug;
		};
		D9FAC9022B60EAA700D79AB0 /* Release */ = {
			isa = XCBuildConfiguration;
			buildSettings = {
				ASSETCATALOG_COMPILER_APPICON_NAME = AppIcon;
				ASSETCATALOG_COMPILER_GLOBAL_ACCENT_COLOR_NAME = AccentColor;
				CODE_SIGN_STYLE = Automatic;
				CURRENT_PROJECT_VERSION = 1;
				DEVELOPMENT_TEAM = HBM2HJZ98F;
				GENERATE_INFOPLIST_FILE = YES;
				INFOPLIST_FILE = TronWallet/Resources/Info.plist;
				INFOPLIST_KEY_UIApplicationSupportsIndirectInputEvents = YES;
				INFOPLIST_KEY_UILaunchStoryboardName = LaunchScreen;
				INFOPLIST_KEY_UIMainStoryboardFile = "";
				INFOPLIST_KEY_UISupportedInterfaceOrientations = UIInterfaceOrientationPortrait;
				INFOPLIST_KEY_UISupportedInterfaceOrientations_iPad = "UIInterfaceOrientationLandscapeLeft UIInterfaceOrientationLandscapeRight UIInterfaceOrientationPortrait UIInterfaceOrientationPortraitUpsideDown";
				IPHONEOS_DEPLOYMENT_TARGET = 15.0;
				LD_RUNPATH_SEARCH_PATHS = (
					"$(inherited)",
					"@executable_path/Frameworks",
				);
				MARKETING_VERSION = 1.0;
				PRODUCT_BUNDLE_IDENTIFIER = com.hessegg.TronWallet;
				PRODUCT_NAME = "$(TARGET_NAME)";
				SUPPORTED_PLATFORMS = "iphoneos iphonesimulator";
				SUPPORTS_MACCATALYST = NO;
				SUPPORTS_MAC_DESIGNED_FOR_IPHONE_IPAD = NO;
				SWIFT_EMIT_LOC_STRINGS = YES;
				SWIFT_VERSION = 5.0;
				TARGETED_DEVICE_FAMILY = 1;
			};
			name = Release;
		};
/* End XCBuildConfiguration section */

/* Begin XCConfigurationList section */
		D9FAC8E72B60EAA600D79AB0 /* Build configuration list for PBXProject "TronWallet" */ = {
			isa = XCConfigurationList;
			buildConfigurations = (
				D9FAC8FE2B60EAA700D79AB0 /* Debug */,
				D9FAC8FF2B60EAA700D79AB0 /* Release */,
			);
			defaultConfigurationIsVisible = 0;
			defaultConfigurationName = Release;
		};
		D9FAC9002B60EAA700D79AB0 /* Build configuration list for PBXNativeTarget "TronWallet" */ = {
			isa = XCConfigurationList;
			buildConfigurations = (
				D9FAC9012B60EAA700D79AB0 /* Debug */,
				D9FAC9022B60EAA700D79AB0 /* Release */,
			);
			defaultConfigurationIsVisible = 0;
			defaultConfigurationName = Release;
		};
/* End XCConfigurationList section */

/* Begin XCRemoteSwiftPackageReference section */
		D9FAC9172B60EBCA00D79AB0 /* XCRemoteSwiftPackageReference "Cassette" */ = {
			isa = XCRemoteSwiftPackageReference;
			repositoryURL = "https://github.com/ios-carki/Cassette.git";
			requirement = {
				kind = exactVersion;
				version = 1.1.10;
			};
		};
		D9FAC91A2B60EBD500D79AB0 /* XCRemoteSwiftPackageReference "TronWeb" */ = {
			isa = XCRemoteSwiftPackageReference;
			repositoryURL = "https://github.com/james19870606/TronWeb.git";
			requirement = {
				kind = upToNextMajorVersion;
				minimumVersion = 1.1.4;
			};
		};
/* End XCRemoteSwiftPackageReference section */

/* Begin XCSwiftPackageProductDependency section */
		D9FAC9182B60EBCA00D79AB0 /* Cassette */ = {
			isa = XCSwiftPackageProductDependency;
			package = D9FAC9172B60EBCA00D79AB0 /* XCRemoteSwiftPackageReference "Cassette" */;
			productName = Cassette;
		};
		D9FAC91B2B60EBD500D79AB0 /* TronWeb3 */ = {
			isa = XCSwiftPackageProductDependency;
			package = D9FAC91A2B60EBD500D79AB0 /* XCRemoteSwiftPackageReference "TronWeb" */;
			productName = TronWeb3;
		};
/* End XCSwiftPackageProductDependency section */
	};
	rootObject = D9FAC8E42B60EAA600D79AB0 /* Project object */;
}
